
Microsoft Visual Studio Solution File, Format Version 12.00
# Visual Studio Version 17
VisualStudioVersion = 17.10.34707.107
MinimumVisualStudioVersion = 10.0.40219.1
Project("{F2A71F9B-5D33-465A-A702-920D77279786}") = "ConsolePureHDFroundtrip", "ConsolePureHDFroundtrip\ConsolePureHDFroundtrip.fsproj", "{911CC7FB-ADF1-4F4D-8E5D-B8BB5AFC2764}"
EndProject
Global
	GlobalSection(SolutionConfigurationPlatforms) = preSolution
		Debug|Any CPU = Debug|Any CPU
		Release|Any CPU = Release|Any CPU
	EndGlobalSection
	GlobalSection(ProjectConfigurationPlatforms) = postSolution
		{911CC7FB-ADF1-4F4D-8E5D-B8BB5AFC2764}.Debug|Any CPU.ActiveCfg = Debug|Any CPU
		{911CC7FB-ADF1-4F4D-8E5D-B8BB5AFC2764}.Debug|Any CPU.Build.0 = Debug|Any CPU
		{911CC7FB-ADF1-4F4D-8E5D-B8BB5AFC2764}.Release|Any CPU.ActiveCfg = Release|Any CPU
		{911CC7FB-ADF1-4F4D-8E5D-B8BB5AFC2764}.Release|Any CPU.Build.0 = Release|Any CPU
	EndGlobalSection
	GlobalSection(SolutionProperties) = preSolution
		HideSolutionNode = FALSE
	EndGlobalSection
	GlobalSection(ExtensibilityGlobals) = postSolution
		SolutionGuid = {C9AD0CFE-EAC1-4B60-93D6-6E071634983F}
	EndGlobalSection
EndGlobal
